
Microsoft Visual Studio Solution File, Format Version 12.00
# Visual Studio Version 17
VisualStudioVersion = 17.10.35027.167
MinimumVisualStudioVersion = 10.0.40219.1
Project("{FAE04EC0-301F-11D3-BF4B-00C04F79EFBC}") = "CosmeticsShop", "CosmeticsShop\CosmeticsShop.csproj", "{C4FCDB00-67A5-4456-A9C4-452AAEFFB244}"
EndProject
Global
	GlobalSection(SolutionConfigurationPlatforms) = preSolution
		Debug|Any CPU = Debug|Any CPU
		Release|Any CPU = Release|Any CPU
	EndGlobalSection
	GlobalSection(ProjectConfigurationPlatforms) = postSolution
		{C4FCDB00-67A5-4456-A9C4-452AAEFFB244}.Debug|Any CPU.ActiveCfg = Debug|Any CPU
		{C4FCDB00-67A5-4456-A9C4-452AAEFFB244}.Debug|Any CPU.Build.0 = Debug|Any CPU
		{C4FCDB00-67A5-4456-A9C4-452AAEFFB244}.Release|Any CPU.ActiveCfg = Release|Any CPU
		{C4FCDB00-67A5-4456-A9C4-452AAEFFB244}.Release|Any CPU.Build.0 = Release|Any CPU
	EndGlobalSection
	GlobalSection(SolutionProperties) = preSolution
		HideSolutionNode = FALSE
	EndGlobalSection
	GlobalSection(ExtensibilityGlobals) = postSolution
		SolutionGuid = {1C29E838-D6E6-4994-9CD3-332AF078E7C3}
	EndGlobalSection
EndGlobal
